
Microsoft Visual Studio Solution File, Format Version 12.00
# Visual Studio Version 17
VisualStudioVersion = 17.2.32630.192
MinimumVisualStudioVersion = 10.0.40219.1
Project("{9A19103F-16F7-4668-BE54-9A1E7A4F7556}") = "ListyIterator", "ListyIterator\ListyIterator.csproj", "{CD9638C7-35D7-49DF-81E2-370ED1CD5705}"
EndProject
Project("{9A19103F-16F7-4668-BE54-9A1E7A4F7556}") = "Stack", "Stack\Stack.csproj", "{768A5A37-CE1E-45A7-ADF8-8C4F778AD38E}"
EndProject
Project("{9A19103F-16F7-4668-BE54-9A1E7A4F7556}") = "Froggy", "Froggy\Froggy.csproj", "{8DE66391-BEEE-4117-884A-DDA36C8BE05A}"
EndProject
Project("{9A19103F-16F7-4668-BE54-9A1E7A4F7556}") = "ComparingObjects", "ComparingObjects\ComparingObjects.csproj", "{DD50844F-ACE6-4714-93F1-1C82C495EB2A}"
EndProject
Project("{FAE04EC0-301F-11D3-BF4B-00C04F79EFBC}") = "EqualityLogic", "EqualityLogic\EqualityLogic.csproj", "{5BCB249D-4350-4933-BB23-3C9FC7334CF1}"
EndProject
Project("{FAE04EC0-301F-11D3-BF4B-00C04F79EFBC}") = "CustomComparator", "CustomComparator\CustomComparator.csproj", "{7596DA8D-4E56-42CA-8878-8BE6279D3114}"
EndProject
Global
	GlobalSection(SolutionConfigurationPlatforms) = preSolution
		Debug|Any CPU = Debug|Any CPU
		Release|Any CPU = Release|Any CPU
	EndGlobalSection
	GlobalSection(ProjectConfigurationPlatforms) = postSolution
		{CD9638C7-35D7-49DF-81E2-370ED1CD5705}.Debug|Any CPU.ActiveCfg = Debug|Any CPU
		{CD9638C7-35D7-49DF-81E2-370ED1CD5705}.Debug|Any CPU.Build.0 = Debug|Any CPU
		{CD9638C7-35D7-49DF-81E2-370ED1CD5705}.Release|Any CPU.ActiveCfg = Release|Any CPU
		{CD9638C7-35D7-49DF-81E2-370ED1CD5705}.Release|Any CPU.Build.0 = Release|Any CPU
		{768A5A37-CE1E-45A7-ADF8-8C4F778AD38E}.Debug|Any CPU.ActiveCfg = Debug|Any CPU
		{768A5A37-CE1E-45A7-ADF8-8C4F778AD38E}.Debug|Any CPU.Build.0 = Debug|Any CPU
		{768A5A37-CE1E-45A7-ADF8-8C4F778AD38E}.Release|Any CPU.ActiveCfg = Release|Any CPU
		{768A5A37-CE1E-45A7-ADF8-8C4F778AD38E}.Release|Any CPU.Build.0 = Release|Any CPU
		{8DE66391-BEEE-4117-884A-DDA36C8BE05A}.Debug|Any CPU.ActiveCfg = Debug|Any CPU
		{8DE66391-BEEE-4117-884A-DDA36C8BE05A}.Debug|Any CPU.Build.0 = Debug|Any CPU
		{8DE66391-BEEE-4117-884A-DDA36C8BE05A}.Release|Any CPU.ActiveCfg = Release|Any CPU
		{8DE66391-BEEE-4117-884A-DDA36C8BE05A}.Release|Any CPU.Build.0 = Release|Any CPU
		{DD50844F-ACE6-4714-93F1-1C82C495EB2A}.Debug|Any CPU.ActiveCfg = Debug|Any CPU
		{DD50844F-ACE6-4714-93F1-1C82C495EB2A}.Debug|Any CPU.Build.0 = Debug|Any CPU
		{DD50844F-ACE6-4714-93F1-1C82C495EB2A}.Release|Any CPU.ActiveCfg = Release|Any CPU
		{DD50844F-ACE6-4714-93F1-1C82C495EB2A}.Release|Any CPU.Build.0 = Release|Any CPU
		{5BCB249D-4350-4933-BB23-3C9FC7334CF1}.Debug|Any CPU.ActiveCfg = Debug|Any CPU
		{5BCB249D-4350-4933-BB23-3C9FC7334CF1}.Debug|Any CPU.Build.0 = Debug|Any CPU
		{5BCB249D-4350-4933-BB23-3C9FC7334CF1}.Release|Any CPU.ActiveCfg = Release|Any CPU
		{5BCB249D-4350-4933-BB23-3C9FC7334CF1}.Release|Any CPU.Build.0 = Release|Any CPU
		{7596DA8D-4E56-42CA-8878-8BE6279D3114}.Debug|Any CPU.ActiveCfg = Debug|Any CPU
		{7596DA8D-4E56-42CA-8878-8BE6279D3114}.Debug|Any CPU.Build.0 = Debug|Any CPU
		{7596DA8D-4E56-42CA-8878-8BE6279D3114}.Release|Any CPU.ActiveCfg = Release|Any CPU
		{7596DA8D-4E56-42CA-8878-8BE6279D3114}.Release|Any CPU.Build.0 = Release|Any CPU
	EndGlobalSection
	GlobalSection(SolutionProperties) = preSolution
		HideSolutionNode = FALSE
	EndGlobalSection
	GlobalSection(ExtensibilityGlobals) = postSolution
		SolutionGuid = {EABD08E8-D792-4DD3-A4A1-76E655151023}
	EndGlobalSection
EndGlobal
